
Microsoft Visual Studio Solution File, Format Version 12.00
# Visual Studio Version 17
VisualStudioVersion = 17.1.32210.238
MinimumVisualStudioVersion = 10.0.40219.1
Project("{8BC9CEB8-8B4A-11D0-8D11-00A0C91BC942}") = "OOP23_HomeWork_", "OOP23_HomeWork_\OOP23_HomeWork_.vcxproj", "{30BD28B4-299C-4F94-A469-94CE338A1BFD}"
EndProject
Global
	GlobalSection(SolutionConfigurationPlatforms) = preSolution
		Debug|x64 = Debug|x64
		Debug|x86 = Debug|x86
		Release|x64 = Release|x64
		Release|x86 = Release|x86
	EndGlobalSection
	GlobalSection(ProjectConfigurationPlatforms) = postSolution
		{30BD28B4-299C-4F94-A469-94CE338A1BFD}.Debug|x64.ActiveCfg = Debug|x64
		{30BD28B4-299C-4F94-A469-94CE338A1BFD}.Debug|x64.Build.0 = Debug|x64
		{30BD28B4-299C-4F94-A469-94CE338A1BFD}.Debug|x86.ActiveCfg = Debug|Win32
		{30BD28B4-299C-4F94-A469-94CE338A1BFD}.Debug|x86.Build.0 = Debug|Win32
		{30BD28B4-299C-4F94-A469-94CE338A1BFD}.Release|x64.ActiveCfg = Release|x64
		{30BD28B4-299C-4F94-A469-94CE338A1BFD}.Release|x64.Build.0 = Release|x64
		{30BD28B4-299C-4F94-A469-94CE338A1BFD}.Release|x86.ActiveCfg = Release|Win32
		{30BD28B4-299C-4F94-A469-94CE338A1BFD}.Release|x86.Build.0 = Release|Win32
	EndGlobalSection
	GlobalSection(SolutionProperties) = preSolution
		HideSolutionNode = FALSE
	EndGlobalSection
	GlobalSection(ExtensibilityGlobals) = postSolution
		SolutionGuid = {E860A186-C030-42D7-9E44-039343B86F1F}
	EndGlobalSection
EndGlobal
